DEPENDENCIES
  bt_apache2
    path: ../../application-cookbooks/bt_apache2
  bt_artifactory
    path: ../../application-cookbooks/bt_artifactory
  bt_awscli
    path: ../../application-cookbooks/bt_awscli
  bt_env_manufacturing
    path: .
    metadata: true
  bt_java
    path: ../../application-cookbooks/bt_java
  bt_sonarqube
    path: ../../application-cookbooks/bt_sonarqube

GRAPH
  7-zip (1.0.2)
    windows (>= 1.2.2)
  apache2 (3.0.1)
    iptables (>= 0.0.0)
    logrotate (>= 0.0.0)
  ark (0.9.0)
    7-zip (>= 0.0.0)
    windows (>= 0.0.0)
  artifactory (0.3.1)
    apache2 (>= 0.0.0)
    ark (>= 0.0.0)
    java (>= 0.0.0)
    runit (>= 0.0.0)
  awscli (1.0.1)
    python (~> 1.4)
  bt_apache2 (0.1.0)
    apache2 (>= 3.0.1)
  bt_artifactory (0.1.0)
    artifactory (>= 0.3.1)
    bt_java (>= 0.1.0)
    yum (>= 3.5.3)
    yum-epel (>= 0.6.0)
  bt_awscli (0.1.0)
    awscli (>= 1.0.1)
  bt_env_manufacturing (0.1.0)
    bt_apache2 (>= 0.1.0)
    bt_artifactory (>= 0.1.0)
    bt_java (>= 0.1.0)
    bt_sonarqube (>= 0.1.0)
    yum-epel (>= 0.6.0)
  bt_java (0.1.0)
    java (>= 1.31.0)
  bt_sonarqube (0.1.0)
    bt_java (>= 0.1.0)
    sonarqube (>= 0.1.1)
  build-essential (2.2.2)
  chef_handler (1.1.6)
  iptables (1.0.0)
  java (1.31.0)
  logrotate (1.9.1)
  python (1.4.6)
    build-essential (>= 0.0.0)
    yum-epel (>= 0.0.0)
  runit (1.5.18)
    build-essential (>= 0.0.0)
    yum (~> 3.0)
    yum-epel (>= 0.0.0)
  sonarqube (0.2.0)
  windows (1.36.6)
    chef_handler (>= 0.0.0)
  yum (3.5.3)
  yum-epel (0.6.0)
    yum (~> 3.0)
